// !$*UTF8*$!
{
	archiveVersion = 1;
	classes = {
	};
	objectVersion = 56;
	objects = {

/* Begin PBXBuildFile section */
		93E96A4F2AC8C6B800CD7346 /* AppDelegate.swift in Sources */ = {isa = PBXBuildFile; fileRef = 93E96A4E2AC8C6B800CD7346 /* AppDelegate.swift */; };
		93E96A512AC8C6B800CD7346 /* SceneDelegate.swift in Sources */ = {isa = PBXBuildFile; fileRef = 93E96A502AC8C6B800CD7346 /* SceneDelegate.swift */; };
		93E96A5B2AC8C6BB00CD7346 /* LaunchScreen.storyboard in Resources */ = {isa = PBXBuildFile; fileRef = 93E96A592AC8C6BB00CD7346 /* LaunchScreen.storyboard */; };
		93E96A642AC8CEBE00CD7346 /* LoginViewController.swift in Sources */ = {isa = PBXBuildFile; fileRef = 93E96A632AC8CEBE00CD7346 /* LoginViewController.swift */; };
		93E96A672AC8CF1A00CD7346 /* LoginView.swift in Sources */ = {isa = PBXBuildFile; fileRef = 93E96A662AC8CF1A00CD7346 /* LoginView.swift */; };
		93E96A692AC8D9A700CD7346 /* LoginViewDelegate.swift in Sources */ = {isa = PBXBuildFile; fileRef = 93E96A682AC8D9A700CD7346 /* LoginViewDelegate.swift */; };
		93E96A6C2AC8EAEE00CD7346 /* UITextField+SidePadding.swift in Sources */ = {isa = PBXBuildFile; fileRef = 93E96A6B2AC8EAEE00CD7346 /* UITextField+SidePadding.swift */; };
		93E96A6E2AC8EC5300CD7346 /* Assets.xcassets in Resources */ = {isa = PBXBuildFile; fileRef = 93E96A6D2AC8EC5300CD7346 /* Assets.xcassets */; };
		93E96A712AC8F11C00CD7346 /* HeroesListViewController.swift in Sources */ = {isa = PBXBuildFile; fileRef = 93E96A702AC8F11C00CD7346 /* HeroesListViewController.swift */; };
		93E96A782AC8F56700CD7346 /* GenericTableViewController.swift in Sources */ = {isa = PBXBuildFile; fileRef = 93E96A772AC8F56700CD7346 /* GenericTableViewController.swift */; };
		93E96A7A2AC8FA6B00CD7346 /* CellIdentifiable.swift in Sources */ = {isa = PBXBuildFile; fileRef = 93E96A792AC8FA6B00CD7346 /* CellIdentifiable.swift */; };
		93E96A822AC8FDBC00CD7346 /* CharacterInfoTableViewCell.swift in Sources */ = {isa = PBXBuildFile; fileRef = 93E96A802AC8FDBC00CD7346 /* CharacterInfoTableViewCell.swift */; };
		93E96A832AC8FDBC00CD7346 /* CharacterInfoTableViewCell.xib in Resources */ = {isa = PBXBuildFile; fileRef = 93E96A812AC8FDBC00CD7346 /* CharacterInfoTableViewCell.xib */; };
		93E96A852AC900EA00CD7346 /* UIImage+Remote.swift in Sources */ = {isa = PBXBuildFile; fileRef = 93E96A842AC900EA00CD7346 /* UIImage+Remote.swift */; };
		93E96A8A2AC902E900CD7346 /* Hero.swift in Sources */ = {isa = PBXBuildFile; fileRef = 93E96A892AC902E900CD7346 /* Hero.swift */; };
		93E96A8C2AC90CEB00CD7346 /* NibLoadable.swift in Sources */ = {isa = PBXBuildFile; fileRef = 93E96A8B2AC90CEB00CD7346 /* NibLoadable.swift */; };
		93E96A8E2AC90E5800CD7346 /* UIViewController+Child.swift in Sources */ = {isa = PBXBuildFile; fileRef = 93E96A8D2AC90E5800CD7346 /* UIViewController+Child.swift */; };
		93E96A952AC9136E00CD7346 /* HeroDetailViewController.swift in Sources */ = {isa = PBXBuildFile; fileRef = 93E96A942AC9136E00CD7346 /* HeroDetailViewController.swift */; };
		93E96A992AC9139000CD7346 /* HeroDetailView.swift in Sources */ = {isa = PBXBuildFile; fileRef = 93E96A982AC9139000CD7346 /* HeroDetailView.swift */; };
		93E96A9E2AC9DCEA00CD7346 /* CharacterInfoView.swift in Sources */ = {isa = PBXBuildFile; fileRef = 93E96A9D2AC9DCEA00CD7346 /* CharacterInfoView.swift */; };
		93E96AA02AC9DD3F00CD7346 /* CharacterInfoDetailRepresentable.swift in Sources */ = {isa = PBXBuildFile; fileRef = 93E96A9F2AC9DD3F00CD7346 /* CharacterInfoDetailRepresentable.swift */; };
		93E96AA52AC9E69200CD7346 /* TransformationsListViewController.swift in Sources */ = {isa = PBXBuildFile; fileRef = 93E96AA42AC9E69200CD7346 /* TransformationsListViewController.swift */; };
		93E96AA82AC9E6FF00CD7346 /* Transformation.swift in Sources */ = {isa = PBXBuildFile; fileRef = 93E96AA72AC9E6FF00CD7346 /* Transformation.swift */; };
		93E96AAD2AC9EA8100CD7346 /* TransformationDetailView.swift in Sources */ = {isa = PBXBuildFile; fileRef = 93E96AAC2AC9EA8100CD7346 /* TransformationDetailView.swift */; };
		93E96AAF2AC9EA9900CD7346 /* TransformationDetailViewController.swift in Sources */ = {isa = PBXBuildFile; fileRef = 93E96AAE2AC9EA9900CD7346 /* TransformationDetailViewController.swift */; };
		93E96AB32AC9EF1600CD7346 /* LocalDataModel.swift in Sources */ = {isa = PBXBuildFile; fileRef = 93E96AB22AC9EF1600CD7346 /* LocalDataModel.swift */; };
		93E96AB52AC9EFD600CD7346 /* NetworkDataModel.swift in Sources */ = {isa = PBXBuildFile; fileRef = 93E96AB42AC9EFD600CD7346 /* NetworkDataModel.swift */; };
		93E96AB92AC9F4AA00CD7346 /* TransformationListRequest.swift in Sources */ = {isa = PBXBuildFile; fileRef = 93E96AB82AC9F4AA00CD7346 /* TransformationListRequest.swift */; };
		93E96ABB2AC9F5CB00CD7346 /* NetworkDataModelProtocol.swift in Sources */ = {isa = PBXBuildFile; fileRef = 93E96ABA2AC9F5CB00CD7346 /* NetworkDataModelProtocol.swift */; };
		93E96ABD2AC9F60E00CD7346 /* NetworkError.swift in Sources */ = {isa = PBXBuildFile; fileRef = 93E96ABC2AC9F60E00CD7346 /* NetworkError.swift */; };
		93E96ABF2AC9FB5E00CD7346 /* HeroesRequest.swift in Sources */ = {isa = PBXBuildFile; fileRef = 93E96ABE2AC9FB5E00CD7346 /* HeroesRequest.swift */; };
		93E96AC12ACA025C00CD7346 /* UIViewController+Alert.swift in Sources */ = {isa = PBXBuildFile; fileRef = 93E96AC02ACA025C00CD7346 /* UIViewController+Alert.swift */; };
		93E96AD02ACA051800CD7346 /* NetworkDataModelTests.swift in Sources */ = {isa = PBXBuildFile; fileRef = 93E96ACF2ACA051800CD7346 /* NetworkDataModelTests.swift */; };
		93E96AD22ACA055500CD7346 /* MockURLProtocol.swift in Sources */ = {isa = PBXBuildFile; fileRef = 93E96AD12ACA055500CD7346 /* MockURLProtocol.swift */; };
		93E96AD42ACA094000CD7346 /* LocalDataModelProtocol.swift in Sources */ = {isa = PBXBuildFile; fileRef = 93E96AD32ACA094000CD7346 /* LocalDataModelProtocol.swift */; };
		93E96AD62ACA0A7A00CD7346 /* HTTPMethods.swift in Sources */ = {isa = PBXBuildFile; fileRef = 93E96AD52ACA0A7A00CD7346 /* HTTPMethods.swift */; };
		93E96AD82ACA0A8900CD7346 /* HTTPHeaderConstants.swift in Sources */ = {isa = PBXBuildFile; fileRef = 93E96AD72ACA0A8900CD7346 /* HTTPHeaderConstants.swift */; };
		93E96ADC2ACA0EEB00CD7346 /* LocalDataModelTests.swift in Sources */ = {isa = PBXBuildFile; fileRef = 93E96ADB2ACA0EEB00CD7346 /* LocalDataModelTests.swift */; };
/* End PBXBuildFile section */

/* Begin PBXContainerItemProxy section */
		93E96ACA2ACA04EF00CD7346 /* PBXContainerItemProxy */ = {
			isa = PBXContainerItemProxy;
			containerPortal = 93E96A432AC8C6B800CD7346 /* Project object */;
			proxyType = 1;
			remoteGlobalIDString = 93E96A4A2AC8C6B800CD7346;
			remoteInfo = SuperHeroes;
		};
/* End PBXContainerItemProxy section */

/* Begin PBXFileReference section */
		93E96A4B2AC8C6B800CD7346 /* SuperHeroes.app */ = {isa = PBXFileReference; explicitFileType = wrapper.application; includeInIndex = 0; path = SuperHeroes.app; sourceTree = BUILT_PRODUCTS_DIR; };
		93E96A4E2AC8C6B800CD7346 /* AppDelegate.swift */ = {isa = PBXFileReference; lastKnownFileType = sourcecode.swift; path = AppDelegate.swift; sourceTree = "<group>"; };
		93E96A502AC8C6B800CD7346 /* SceneDelegate.swift */ = {isa = PBXFileReference; lastKnownFileType = sourcecode.swift; path = SceneDelegate.swift; sourceTree = "<group>"; };
		93E96A5A2AC8C6BB00CD7346 /* Base */ = {isa = PBXFileReference; lastKnownFileType = file.storyboard; name = Base; path = Base.lproj/LaunchScreen.storyboard; sourceTree = "<group>"; };
		93E96A5C2AC8C6BB00CD7346 /* Info.plist */ = {isa = PBXFileReference; lastKnownFileType = text.plist.xml; path = Info.plist; sourceTree = "<group>"; };
		93E96A632AC8CEBE00CD7346 /* LoginViewController.swift */ = {isa = PBXFileReference; lastKnownFileType = sourcecode.swift; path = LoginViewController.swift; sourceTree = "<group>"; };
		93E96A662AC8CF1A00CD7346 /* LoginView.swift */ = {isa = PBXFileReference; lastKnownFileType = sourcecode.swift; path = LoginView.swift; sourceTree = "<group>"; };
		93E96A682AC8D9A700CD7346 /* LoginViewDelegate.swift */ = {isa = PBXFileReference; lastKnownFileType = sourcecode.swift; path = LoginViewDelegate.swift; sourceTree = "<group>"; };
		93E96A6B2AC8EAEE00CD7346 /* UITextField+SidePadding.swift */ = {isa = PBXFileReference; lastKnownFileType = sourcecode.swift; path = "UITextField+SidePadding.swift"; sourceTree = "<group>"; };
		93E96A6D2AC8EC5300CD7346 /* Assets.xcassets */ = {isa = PBXFileReference; lastKnownFileType = folder.assetcatalog; path = Assets.xcassets; sourceTree = "<group>"; };
		93E96A702AC8F11C00CD7346 /* HeroesListViewController.swift */ = {isa = PBXFileReference; lastKnownFileType = sourcecode.swift; path = HeroesListViewController.swift; sourceTree = "<group>"; };
		93E96A772AC8F56700CD7346 /* GenericTableViewController.swift */ = {isa = PBXFileReference; lastKnownFileType = sourcecode.swift; path = GenericTableViewController.swift; sourceTree = "<group>"; };
		93E96A792AC8FA6B00CD7346 /* CellIdentifiable.swift */ = {isa = PBXFileReference; lastKnownFileType = sourcecode.swift; path = CellIdentifiable.swift; sourceTree = "<group>"; };
		93E96A802AC8FDBC00CD7346 /* CharacterInfoTableViewCell.swift */ = {isa = PBXFileReference; lastKnownFileType = sourcecode.swift; path = CharacterInfoTableViewCell.swift; sourceTree = "<group>"; };
		93E96A812AC8FDBC00CD7346 /* CharacterInfoTableViewCell.xib */ = {isa = PBXFileReference; lastKnownFileType = file.xib; path = CharacterInfoTableViewCell.xib; sourceTree = "<group>"; };
		93E96A842AC900EA00CD7346 /* UIImage+Remote.swift */ = {isa = PBXFileReference; lastKnownFileType = sourcecode.swift; path = "UIImage+Remote.swift"; sourceTree = "<group>"; };
		93E96A892AC902E900CD7346 /* Hero.swift */ = {isa = PBXFileReference; lastKnownFileType = sourcecode.swift; path = Hero.swift; sourceTree = "<group>"; };
		93E96A8B2AC90CEB00CD7346 /* NibLoadable.swift */ = {isa = PBXFileReference; lastKnownFileType = sourcecode.swift; path = NibLoadable.swift; sourceTree = "<group>"; };
		93E96A8D2AC90E5800CD7346 /* UIViewController+Child.swift */ = {isa = PBXFileReference; lastKnownFileType = sourcecode.swift; path = "UIViewController+Child.swift"; sourceTree = "<group>"; };
		93E96A942AC9136E00CD7346 /* HeroDetailViewController.swift */ = {isa = PBXFileReference; lastKnownFileType = sourcecode.swift; path = HeroDetailViewController.swift; sourceTree = "<group>"; };
		93E96A982AC9139000CD7346 /* HeroDetailView.swift */ = {isa = PBXFileReference; lastKnownFileType = sourcecode.swift; path = HeroDetailView.swift; sourceTree = "<group>"; };
		93E96A9D2AC9DCEA00CD7346 /* CharacterInfoView.swift */ = {isa = PBXFileReference; lastKnownFileType = sourcecode.swift; path = CharacterInfoView.swift; sourceTree = "<group>"; };
		93E96A9F2AC9DD3F00CD7346 /* CharacterInfoDetailRepresentable.swift */ = {isa = PBXFileReference; lastKnownFileType = sourcecode.swift; path = CharacterInfoDetailRepresentable.swift; sourceTree = "<group>"; };
		93E96AA42AC9E69200CD7346 /* TransformationsListViewController.swift */ = {isa = PBXFileReference; lastKnownFileType = sourcecode.swift; path = TransformationsListViewController.swift; sourceTree = "<group>"; };
		93E96AA72AC9E6FF00CD7346 /* Transformation.swift */ = {isa = PBXFileReference; lastKnownFileType = sourcecode.swift; path = Transformation.swift; sourceTree = "<group>"; };
		93E96AAC2AC9EA8100CD7346 /* TransformationDetailView.swift */ = {isa = PBXFileReference; lastKnownFileType = sourcecode.swift; path = TransformationDetailView.swift; sourceTree = "<group>"; };
		93E96AAE2AC9EA9900CD7346 /* TransformationDetailViewController.swift */ = {isa = PBXFileReference; lastKnownFileType = sourcecode.swift; path = TransformationDetailViewController.swift; sourceTree = "<group>"; };
		93E96AB22AC9EF1600CD7346 /* LocalDataModel.swift */ = {isa = PBXFileReference; lastKnownFileType = sourcecode.swift; path = LocalDataModel.swift; sourceTree = "<group>"; };
		93E96AB42AC9EFD600CD7346 /* NetworkDataModel.swift */ = {isa = PBXFileReference; lastKnownFileType = sourcecode.swift; path = NetworkDataModel.swift; sourceTree = "<group>"; };
		93E96AB82AC9F4AA00CD7346 /* TransformationListRequest.swift */ = {isa = PBXFileReference; lastKnownFileType = sourcecode.swift; path = TransformationListRequest.swift; sourceTree = "<group>"; };
		93E96ABA2AC9F5CB00CD7346 /* NetworkDataModelProtocol.swift */ = {isa = PBXFileReference; lastKnownFileType = sourcecode.swift; path = NetworkDataModelProtocol.swift; sourceTree = "<group>"; };
		93E96ABC2AC9F60E00CD7346 /* NetworkError.swift */ = {isa = PBXFileReference; lastKnownFileType = sourcecode.swift; path = NetworkError.swift; sourceTree = "<group>"; };
		93E96ABE2AC9FB5E00CD7346 /* HeroesRequest.swift */ = {isa = PBXFileReference; lastKnownFileType = sourcecode.swift; path = HeroesRequest.swift; sourceTree = "<group>"; };
		93E96AC02ACA025C00CD7346 /* UIViewController+Alert.swift */ = {isa = PBXFileReference; lastKnownFileType = sourcecode.swift; path = "UIViewController+Alert.swift"; sourceTree = "<group>"; };
		93E96AC62ACA04EF00CD7346 /* SuperHeroesTests.xctest */ = {isa = PBXFileReference; explicitFileType = wrapper.cfbundle; includeInIndex = 0; path = SuperHeroesTests.xctest; sourceTree = BUILT_PRODUCTS_DIR; };
		93E96ACF2ACA051800CD7346 /* NetworkDataModelTests.swift */ = {isa = PBXFileReference; lastKnownFileType = sourcecode.swift; path = NetworkDataModelTests.swift; sourceTree = "<group>"; };
		93E96AD12ACA055500CD7346 /* MockURLProtocol.swift */ = {isa = PBXFileReference; lastKnownFileType = sourcecode.swift; path = MockURLProtocol.swift; sourceTree = "<group>"; };
		93E96AD32ACA094000CD7346 /* LocalDataModelProtocol.swift */ = {isa = PBXFileReference; lastKnownFileType = sourcecode.swift; path = LocalDataModelProtocol.swift; sourceTree = "<group>"; };
		93E96AD52ACA0A7A00CD7346 /* HTTPMethods.swift */ = {isa = PBXFileReference; lastKnownFileType = sourcecode.swift; path = HTTPMethods.swift; sourceTree = "<group>"; };
		93E96AD72ACA0A8900CD7346 /* HTTPHeaderConstants.swift */ = {isa = PBXFileReference; lastKnownFileType = sourcecode.swift; path = HTTPHeaderConstants.swift; sourceTree = "<group>"; };
		93E96ADB2ACA0EEB00CD7346 /* LocalDataModelTests.swift */ = {isa = PBXFileReference; lastKnownFileType = sourcecode.swift; path = LocalDataModelTests.swift; sourceTree = "<group>"; };
/* End PBXFileReference section */

/* Begin PBXFrameworksBuildPhase section */
		93E96A482AC8C6B800CD7346 /* Frameworks */ = {
			isa = PBXFrameworksBuildPhase;
			buildActionMask = 2147483647;
			files = (
			);
			runOnlyForDeploymentPostprocessing = 0;
		};
		93E96AC32ACA04EF00CD7346 /* Frameworks */ = {
			isa = PBXFrameworksBuildPhase;
			buildActionMask = 2147483647;
			files = (
			);
			runOnlyForDeploymentPostprocessing = 0;
		};
/* End PBXFrameworksBuildPhase section */

/* Begin PBXGroup section */
		93E96A422AC8C6B800CD7346 = {
			isa = PBXGroup;
			children = (
				93E96A4D2AC8C6B800CD7346 /* SuperHeroes */,
				93E96AC72ACA04EF00CD7346 /* SuperHeroesTests */,
				93E96A4C2AC8C6B800CD7346 /* Products */,
			);
			sourceTree = "<group>";
		};
		93E96A4C2AC8C6B800CD7346 /* Products */ = {
			isa = PBXGroup;
			children = (
				93E96A4B2AC8C6B800CD7346 /* SuperHeroes.app */,
				93E96AC62ACA04EF00CD7346 /* SuperHeroesTests.xctest */,
			);
			name = Products;
			sourceTree = "<group>";
		};
		93E96A4D2AC8C6B800CD7346 /* SuperHeroes */ = {
			isa = PBXGroup;
			children = (
				93E96A4E2AC8C6B800CD7346 /* AppDelegate.swift */,
				93E96A502AC8C6B800CD7346 /* SceneDelegate.swift */,
				93E96A742AC8F52D00CD7346 /* Commons */,
				93E96AB02AC9ECCF00CD7346 /* Features */,
				93E96A592AC8C6BB00CD7346 /* LaunchScreen.storyboard */,
				93E96A6D2AC8EC5300CD7346 /* Assets.xcassets */,
				93E96A5C2AC8C6BB00CD7346 /* Info.plist */,
			);
			path = SuperHeroes;
			sourceTree = "<group>";
		};
		93E96A622AC8CDFD00CD7346 /* Login */ = {
			isa = PBXGroup;
			children = (
				93E96A882AC902D100CD7346 /* Controller */,
				93E96A872AC902C100CD7346 /* View */,
			);
			path = Login;
			sourceTree = "<group>";
		};
		93E96A6A2AC8EAC600CD7346 /* Extensions */ = {
			isa = PBXGroup;
			children = (
				93E96A6B2AC8EAEE00CD7346 /* UITextField+SidePadding.swift */,
				93E96A842AC900EA00CD7346 /* UIImage+Remote.swift */,
				93E96A8D2AC90E5800CD7346 /* UIViewController+Child.swift */,
				93E96AC02ACA025C00CD7346 /* UIViewController+Alert.swift */,
			);
			path = Extensions;
			sourceTree = "<group>";
		};
		93E96A6F2AC8F0F800CD7346 /* HeroesList */ = {
			isa = PBXGroup;
			children = (
				93E96A8F2AC90EBC00CD7346 /* Controller */,
				93E96A862AC902BA00CD7346 /* Models */,
			);
			path = HeroesList;
			sourceTree = "<group>";
		};
		93E96A742AC8F52D00CD7346 /* Commons */ = {
			isa = PBXGroup;
			children = (
				93E96AB12AC9EEC800CD7346 /* Model */,
				93E96A6A2AC8EAC600CD7346 /* Extensions */,
				93E96A7F2AC8FD2100CD7346 /* Protocols */,
				93E96A7E2AC8FCEC00CD7346 /* Controllers */,
				93E96A7B2AC8FC7A00CD7346 /* Views */,
			);
			path = Commons;
			sourceTree = "<group>";
		};
		93E96A7B2AC8FC7A00CD7346 /* Views */ = {
			isa = PBXGroup;
			children = (
				93E96A9C2AC9DCD200CD7346 /* CharacterInfoView */,
				93E96A902AC90EE300CD7346 /* CharacterInfoTableViewCell */,
			);
			path = Views;
			sourceTree = "<group>";
		};
		93E96A7E2AC8FCEC00CD7346 /* Controllers */ = {
			isa = PBXGroup;
			children = (
				93E96A772AC8F56700CD7346 /* GenericTableViewController.swift */,
			);
			path = Controllers;
			sourceTree = "<group>";
		};
		93E96A7F2AC8FD2100CD7346 /* Protocols */ = {
			isa = PBXGroup;
			children = (
				93E96A792AC8FA6B00CD7346 /* CellIdentifiable.swift */,
				93E96A8B2AC90CEB00CD7346 /* NibLoadable.swift */,
				93E96A9F2AC9DD3F00CD7346 /* CharacterInfoDetailRepresentable.swift */,
				93E96ABA2AC9F5CB00CD7346 /* NetworkDataModelProtocol.swift */,
				93E96AD32ACA094000CD7346 /* LocalDataModelProtocol.swift */,
			);
			path = Protocols;
			sourceTree = "<group>";
		};
		93E96A862AC902BA00CD7346 /* Models */ = {
			isa = PBXGroup;
			children = (
				93E96A892AC902E900CD7346 /* Hero.swift */,
				93E96ABE2AC9FB5E00CD7346 /* HeroesRequest.swift */,
			);
			path = Models;
			sourceTree = "<group>";
		};
		93E96A872AC902C100CD7346 /* View */ = {
			isa = PBXGroup;
			children = (
				93E96A682AC8D9A700CD7346 /* LoginViewDelegate.swift */,
				93E96A662AC8CF1A00CD7346 /* LoginView.swift */,
			);
			path = View;
			sourceTree = "<group>";
		};
		93E96A882AC902D100CD7346 /* Controller */ = {
			isa = PBXGroup;
			children = (
				93E96A632AC8CEBE00CD7346 /* LoginViewController.swift */,
			);
			path = Controller;
			sourceTree = "<group>";
		};
		93E96A8F2AC90EBC00CD7346 /* Controller */ = {
			isa = PBXGroup;
			children = (
				93E96A702AC8F11C00CD7346 /* HeroesListViewController.swift */,
			);
			path = Controller;
			sourceTree = "<group>";
		};
		93E96A902AC90EE300CD7346 /* CharacterInfoTableViewCell */ = {
			isa = PBXGroup;
			children = (
				93E96A802AC8FDBC00CD7346 /* CharacterInfoTableViewCell.swift */,
				93E96A812AC8FDBC00CD7346 /* CharacterInfoTableViewCell.xib */,
			);
			path = CharacterInfoTableViewCell;
			sourceTree = "<group>";
		};
		93E96A912AC9107100CD7346 /* HeroDetail */ = {
			isa = PBXGroup;
			children = (
				93E96AB62AC9F47A00CD7346 /* Models */,
				93E96A972AC9137700CD7346 /* View */,
				93E96A962AC9137200CD7346 /* Controller */,
			);
			path = HeroDetail;
			sourceTree = "<group>";
		};
		93E96A962AC9137200CD7346 /* Controller */ = {
			isa = PBXGroup;
			children = (
				93E96A942AC9136E00CD7346 /* HeroDetailViewController.swift */,
			);
			path = Controller;
			sourceTree = "<group>";
		};
		93E96A972AC9137700CD7346 /* View */ = {
			isa = PBXGroup;
			children = (
				93E96A982AC9139000CD7346 /* HeroDetailView.swift */,
			);
			path = View;
			sourceTree = "<group>";
		};
		93E96A9C2AC9DCD200CD7346 /* CharacterInfoView */ = {
			isa = PBXGroup;
			children = (
				93E96A9D2AC9DCEA00CD7346 /* CharacterInfoView.swift */,
			);
			path = CharacterInfoView;
			sourceTree = "<group>";
		};
		93E96AA12AC9E65A00CD7346 /* TransformationsList */ = {
			isa = PBXGroup;
			children = (
				93E96AA62AC9E69F00CD7346 /* Models */,
				93E96AA32AC9E67D00CD7346 /* Controller */,
			);
			path = TransformationsList;
			sourceTree = "<group>";
		};
		93E96AA32AC9E67D00CD7346 /* Controller */ = {
			isa = PBXGroup;
			children = (
				93E96AA42AC9E69200CD7346 /* TransformationsListViewController.swift */,
			);
			path = Controller;
			sourceTree = "<group>";
		};
		93E96AA62AC9E69F00CD7346 /* Models */ = {
			isa = PBXGroup;
			children = (
				93E96AA72AC9E6FF00CD7346 /* Transformation.swift */,
				93E96AB82AC9F4AA00CD7346 /* TransformationListRequest.swift */,
			);
			path = Models;
			sourceTree = "<group>";
		};
		93E96AA92AC9EA2E00CD7346 /* TransformationDetail */ = {
			isa = PBXGroup;
			children = (
				93E96AAB2AC9EA7300CD7346 /* View */,
				93E96AAA2AC9EA6A00CD7346 /* Controller */,
			);
			path = TransformationDetail;
			sourceTree = "<group>";
		};
		93E96AAA2AC9EA6A00CD7346 /* Controller */ = {
			isa = PBXGroup;
			children = (
				93E96AAE2AC9EA9900CD7346 /* TransformationDetailViewController.swift */,
			);
			path = Controller;
			sourceTree = "<group>";
		};
		93E96AAB2AC9EA7300CD7346 /* View */ = {
			isa = PBXGroup;
			children = (
				93E96AAC2AC9EA8100CD7346 /* TransformationDetailView.swift */,
			);
			path = View;
			sourceTree = "<group>";
		};
		93E96AB02AC9ECCF00CD7346 /* Features */ = {
			isa = PBXGroup;
			children = (
				93E96A622AC8CDFD00CD7346 /* Login */,
				93E96A6F2AC8F0F800CD7346 /* HeroesList */,
				93E96A912AC9107100CD7346 /* HeroDetail */,
				93E96AA12AC9E65A00CD7346 /* TransformationsList */,
				93E96AA92AC9EA2E00CD7346 /* TransformationDetail */,
			);
			path = Features;
			sourceTree = "<group>";
		};
		93E96AB12AC9EEC800CD7346 /* Model */ = {
			isa = PBXGroup;
			children = (
				93E96AB22AC9EF1600CD7346 /* LocalDataModel.swift */,
				93E96AB42AC9EFD600CD7346 /* NetworkDataModel.swift */,
				93E96ABC2AC9F60E00CD7346 /* NetworkError.swift */,
				93E96AD52ACA0A7A00CD7346 /* HTTPMethods.swift */,
				93E96AD72ACA0A8900CD7346 /* HTTPHeaderConstants.swift */,
			);
			path = Model;
			sourceTree = "<group>";
		};
		93E96AB62AC9F47A00CD7346 /* Models */ = {
			isa = PBXGroup;
			children = (
			);
			path = Models;
			sourceTree = "<group>";
		};
		93E96AC72ACA04EF00CD7346 /* SuperHeroesTests */ = {
			isa = PBXGroup;
			children = (
				93E96ACF2ACA051800CD7346 /* NetworkDataModelTests.swift */,
				93E96AD12ACA055500CD7346 /* MockURLProtocol.swift */,
				93E96ADB2ACA0EEB00CD7346 /* LocalDataModelTests.swift */,
			);
			path = SuperHeroesTests;
			sourceTree = "<group>";
		};
/* End PBXGroup section */

/* Begin PBXNativeTarget section */
		93E96A4A2AC8C6B800CD7346 /* SuperHeroes */ = {
			isa = PBXNativeTarget;
			buildConfigurationList = 93E96A5F2AC8C6BB00CD7346 /* Build configuration list for PBXNativeTarget "SuperHeroes" */;
			buildPhases = (
				93E96A472AC8C6B800CD7346 /* Sources */,
				93E96A482AC8C6B800CD7346 /* Frameworks */,
				93E96A492AC8C6B800CD7346 /* Resources */,
			);
			buildRules = (
			);
			dependencies = (
			);
			name = SuperHeroes;
			productName = SuperHeroes;
			productReference = 93E96A4B2AC8C6B800CD7346 /* SuperHeroes.app */;
			productType = "com.apple.product-type.application";
		};
		93E96AC52ACA04EF00CD7346 /* SuperHeroesTests */ = {
			isa = PBXNativeTarget;
			buildConfigurationList = 93E96ACC2ACA04EF00CD7346 /* Build configuration list for PBXNativeTarget "SuperHeroesTests" */;
			buildPhases = (
				93E96AC22ACA04EF00CD7346 /* Sources */,
				93E96AC32ACA04EF00CD7346 /* Frameworks */,
				93E96AC42ACA04EF00CD7346 /* Resources */,
			);
			buildRules = (
			);
			dependencies = (
				93E96ACB2ACA04EF00CD7346 /* PBXTargetDependency */,
			);
			name = SuperHeroesTests;
			productName = SuperHeroesTests;
			productReference = 93E96AC62ACA04EF00CD7346 /* SuperHeroesTests.xctest */;
			productType = "com.apple.product-type.bundle.unit-test";
		};
/* End PBXNativeTarget section */

/* Begin PBXProject section */
		93E96A432AC8C6B800CD7346 /* Project object */ = {
			isa = PBXProject;
			attributes = {
				BuildIndependentTargetsInParallel = 1;
				LastSwiftUpdateCheck = 1430;
				LastUpgradeCheck = 1430;
				TargetAttributes = {
					93E96A4A2AC8C6B800CD7346 = {
						CreatedOnToolsVersion = 14.3.1;
					};
					93E96AC52ACA04EF00CD7346 = {
						CreatedOnToolsVersion = 14.3.1;
						TestTargetID = 93E96A4A2AC8C6B800CD7346;
					};
				};
			};
			buildConfigurationList = 93E96A462AC8C6B800CD7346 /* Build configuration list for PBXProject "SuperHeroes" */;
			compatibilityVersion = "Xcode 14.0";
			developmentRegion = en;
			hasScannedForEncodings = 0;
			knownRegions = (
				en,
				Base,
			);
			mainGroup = 93E96A422AC8C6B800CD7346;
			productRefGroup = 93E96A4C2AC8C6B800CD7346 /* Products */;
			projectDirPath = "";
			projectRoot = "";
			targets = (
				93E96A4A2AC8C6B800CD7346 /* SuperHeroes */,
				93E96AC52ACA04EF00CD7346 /* SuperHeroesTests */,
			);
		};
/* End PBXProject section */

/* Begin PBXResourcesBuildPhase section */
		93E96A492AC8C6B800CD7346 /* Resources */ = {
			isa = PBXResourcesBuildPhase;
			buildActionMask = 2147483647;
			files = (
				93E96A832AC8FDBC00CD7346 /* CharacterInfoTableViewCell.xib in Resources */,
				93E96A6E2AC8EC5300CD7346 /* Assets.xcassets in Resources */,
				93E96A5B2AC8C6BB00CD7346 /* LaunchScreen.storyboard in Resources */,
			);
			runOnlyForDeploymentPostprocessing = 0;
		};
		93E96AC42ACA04EF00CD7346 /* Resources */ = {
			isa = PBXResourcesBuildPhase;
			buildActionMask = 2147483647;
			files = (
			);
			runOnlyForDeploymentPostprocessing = 0;
		};
/* End PBXResourcesBuildPhase section */

/* Begin PBXSourcesBuildPhase section */
		93E96A472AC8C6B800CD7346 /* Sources */ = {
			isa = PBXSourcesBuildPhase;
			buildActionMask = 2147483647;
			files = (
				93E96AAF2AC9EA9900CD7346 /* TransformationDetailViewController.swift in Sources */,
				93E96A9E2AC9DCEA00CD7346 /* CharacterInfoView.swift in Sources */,
				93E96A6C2AC8EAEE00CD7346 /* UITextField+SidePadding.swift in Sources */,
				93E96A642AC8CEBE00CD7346 /* LoginViewController.swift in Sources */,
				93E96AA52AC9E69200CD7346 /* TransformationsListViewController.swift in Sources */,
				93E96A4F2AC8C6B800CD7346 /* AppDelegate.swift in Sources */,
				93E96ABD2AC9F60E00CD7346 /* NetworkError.swift in Sources */,
				93E96A692AC8D9A700CD7346 /* LoginViewDelegate.swift in Sources */,
				93E96A8E2AC90E5800CD7346 /* UIViewController+Child.swift in Sources */,
				93E96AAD2AC9EA8100CD7346 /* TransformationDetailView.swift in Sources */,
				93E96A7A2AC8FA6B00CD7346 /* CellIdentifiable.swift in Sources */,
				93E96ABF2AC9FB5E00CD7346 /* HeroesRequest.swift in Sources */,
				93E96AA02AC9DD3F00CD7346 /* CharacterInfoDetailRepresentable.swift in Sources */,
				93E96A952AC9136E00CD7346 /* HeroDetailViewController.swift in Sources */,
				93E96A822AC8FDBC00CD7346 /* CharacterInfoTableViewCell.swift in Sources */,
				93E96A712AC8F11C00CD7346 /* HeroesListViewController.swift in Sources */,
				93E96AB52AC9EFD600CD7346 /* NetworkDataModel.swift in Sources */,
				93E96AB32AC9EF1600CD7346 /* LocalDataModel.swift in Sources */,
				93E96AB92AC9F4AA00CD7346 /* TransformationListRequest.swift in Sources */,
				93E96A672AC8CF1A00CD7346 /* LoginView.swift in Sources */,
				93E96AC12ACA025C00CD7346 /* UIViewController+Alert.swift in Sources */,
				93E96AD42ACA094000CD7346 /* LocalDataModelProtocol.swift in Sources */,
				93E96ABB2AC9F5CB00CD7346 /* NetworkDataModelProtocol.swift in Sources */,
				93E96A8C2AC90CEB00CD7346 /* NibLoadable.swift in Sources */,
				93E96AA82AC9E6FF00CD7346 /* Transformation.swift in Sources */,
				93E96AD62ACA0A7A00CD7346 /* HTTPMethods.swift in Sources */,
				93E96AD82ACA0A8900CD7346 /* HTTPHeaderConstants.swift in Sources */,
				93E96A992AC9139000CD7346 /* HeroDetailView.swift in Sources */,
				93E96A782AC8F56700CD7346 /* GenericTableViewController.swift in Sources */,
				93E96A512AC8C6B800CD7346 /* SceneDelegate.swift in Sources */,
				93E96A8A2AC902E900CD7346 /* Hero.swift in Sources */,
				93E96A852AC900EA00CD7346 /* UIImage+Remote.swift in Sources */,
			);
			runOnlyForDeploymentPostprocessing = 0;
		};
		93E96AC22ACA04EF00CD7346 /* Sources */ = {
			isa = PBXSourcesBuildPhase;
			buildActionMask = 2147483647;
			files = (
				93E96AD02ACA051800CD7346 /* NetworkDataModelTests.swift in Sources */,
				93E96AD22ACA055500CD7346 /* MockURLProtocol.swift in Sources */,
				93E96ADC2ACA0EEB00CD7346 /* LocalDataModelTests.swift in Sources */,
			);
			runOnlyForDeploymentPostprocessing = 0;
		};
/* End PBXSourcesBuildPhase section */

/* Begin PBXTargetDependency section */
		93E96ACB2ACA04EF00CD7346 /* PBXTargetDependency */ = {
			isa = PBXTargetDependency;
			target = 93E96A4A2AC8C6B800CD7346 /* SuperHeroes */;
			targetProxy = 93E96ACA2ACA04EF00CD7346 /* PBXContainerItemProxy */;
		};
/* End PBXTargetDependency section */

/* Begin PBXVariantGroup section */
		93E96A592AC8C6BB00CD7346 /* LaunchScreen.storyboard */ = {
			isa = PBXVariantGroup;
			children = (
				93E96A5A2AC8C6BB00CD7346 /* Base */,
			);
			name = LaunchScreen.storyboard;
			sourceTree = "<group>";
		};
/* End PBXVariantGroup section */

/* Begin XCBuildConfiguration section */
		93E96A5D2AC8C6BB00CD7346 /* Debug */ = {
			isa = XCBuildConfiguration;
			buildSettings = {
				ALWAYS_SEARCH_USER_PATHS = NO;
				CLANG_ANALYZER_NONNULL = YES;
				CLANG_ANALYZER_NUMBER_OBJECT_CONVERSION = YES_AGGRESSIVE;
				CLANG_CXX_LANGUAGE_STANDARD = "gnu++20";
				CLANG_ENABLE_MODULES = YES;
				CLANG_ENABLE_OBJC_ARC = YES;
				CLANG_ENABLE_OBJC_WEAK = YES;
				CLANG_WARN_BLOCK_CAPTURE_AUTORELEASING = YES;
				CLANG_WARN_BOOL_CONVERSION = YES;
				CLANG_WARN_COMMA = YES;
				CLANG_WARN_CONSTANT_CONVERSION = YES;
				CLANG_WARN_DEPRECATED_OBJC_IMPLEMENTATIONS = YES;
				CLANG_WARN_DIRECT_OBJC_ISA_USAGE = YES_ERROR;
				CLANG_WARN_DOCUMENTATION_COMMENTS = YES;
				CLANG_WARN_EMPTY_BODY = YES;
				CLANG_WARN_ENUM_CONVERSION = YES;
				CLANG_WARN_INFINITE_RECURSION = YES;
				CLANG_WARN_INT_CONVERSION = YES;
				CLANG_WARN_NON_LITERAL_NULL_CONVERSION = YES;
				CLANG_WARN_OBJC_IMPLICIT_RETAIN_SELF = YES;
				CLANG_WARN_OBJC_LITERAL_CONVERSION = YES;
				CLANG_WARN_OBJC_ROOT_CLASS = YES_ERROR;
				CLANG_WARN_QUOTED_INCLUDE_IN_FRAMEWORK_HEADER = YES;
				CLANG_WARN_RANGE_LOOP_ANALYSIS = YES;
				CLANG_WARN_STRICT_PROTOTYPES = YES;
				CLANG_WARN_SUSPICIOUS_MOVE = YES;
				CLANG_WARN_UNGUARDED_AVAILABILITY = YES_AGGRESSIVE;
				CLANG_WARN_UNREACHABLE_CODE = YES;
				CLANG_WARN__DUPLICATE_METHOD_MATCH = YES;
				COPY_PHASE_STRIP = NO;
				DEBUG_INFORMATION_FORMAT = dwarf;
				ENABLE_STRICT_OBJC_MSGSEND = YES;
				ENABLE_TESTABILITY = YES;
				GCC_C_LANGUAGE_STANDARD = gnu11;
				GCC_DYNAMIC_NO_PIC = NO;
				GCC_NO_COMMON_BLOCKS = YES;
				GCC_OPTIMIZATION_LEVEL = 0;
				GCC_PREPROCESSOR_DEFINITIONS = (
					"DEBUG=1",
					"$(inherited)",
				);
				GCC_WARN_64_TO_32_BIT_CONVERSION = YES;
				GCC_WARN_ABOUT_RETURN_TYPE = YES_ERROR;
				GCC_WARN_UNDECLARED_SELECTOR = YES;
				GCC_WARN_UNINITIALIZED_AUTOS = YES_AGGRESSIVE;
				GCC_WARN_UNUSED_FUNCTION = YES;
				GCC_WARN_UNUSED_VARIABLE = YES;
				IPHONEOS_DEPLOYMENT_TARGET = 16.4;
				MTL_ENABLE_DEBUG_INFO = INCLUDE_SOURCE;
				MTL_FAST_MATH = YES;
				ONLY_ACTIVE_ARCH = YES;
				SDKROOT = iphoneos;
				SWIFT_ACTIVE_COMPILATION_CONDITIONS = DEBUG;
				SWIFT_OPTIMIZATION_LEVEL = "-Onone";
			};
			name = Debug;
		};
		93E96A5E2AC8C6BB00CD7346 /* Release */ = {
			isa = XCBuildConfiguration;
			buildSettings = {
				ALWAYS_SEARCH_USER_PATHS = NO;
				CLANG_ANALYZER_NONNULL = YES;
				CLANG_ANALYZER_NUMBER_OBJECT_CONVERSION = YES_AGGRESSIVE;
				CLANG_CXX_LANGUAGE_STANDARD = "gnu++20";
				CLANG_ENABLE_MODULES = YES;
				CLANG_ENABLE_OBJC_ARC = YES;
				CLANG_ENABLE_OBJC_WEAK = YES;
				CLANG_WARN_BLOCK_CAPTURE_AUTORELEASING = YES;
				CLANG_WARN_BOOL_CONVERSION = YES;
				CLANG_WARN_COMMA = YES;
				CLANG_WARN_CONSTANT_CONVERSION = YES;
				CLANG_WARN_DEPRECATED_OBJC_IMPLEMENTATIONS = YES;
				CLANG_WARN_DIRECT_OBJC_ISA_USAGE = YES_ERROR;
				CLANG_WARN_DOCUMENTATION_COMMENTS = YES;
				CLANG_WARN_EMPTY_BODY = YES;
				CLANG_WARN_ENUM_CONVERSION = YES;
				CLANG_WARN_INFINITE_RECURSION = YES;
				CLANG_WARN_INT_CONVERSION = YES;
				CLANG_WARN_NON_LITERAL_NULL_CONVERSION = YES;
				CLANG_WARN_OBJC_IMPLICIT_RETAIN_SELF = YES;
				CLANG_WARN_OBJC_LITERAL_CONVERSION = YES;
				CLANG_WARN_OBJC_ROOT_CLASS = YES_ERROR;
				CLANG_WARN_QUOTED_INCLUDE_IN_FRAMEWORK_HEADER = YES;
				CLANG_WARN_RANGE_LOOP_ANALYSIS = YES;
				CLANG_WARN_STRICT_PROTOTYPES = YES;
				CLANG_WARN_SUSPICIOUS_MOVE = YES;
				CLANG_WARN_UNGUARDED_AVAILABILITY = YES_AGGRESSIVE;
				CLANG_WARN_UNREACHABLE_CODE = YES;
				CLANG_WARN__DUPLICATE_METHOD_MATCH = YES;
				COPY_PHASE_STRIP = NO;
				DEBUG_INFORMATION_FORMAT = "dwarf-with-dsym";
				ENABLE_NS_ASSERTIONS = NO;
				ENABLE_STRICT_OBJC_MSGSEND = YES;
				GCC_C_LANGUAGE_STANDARD = gnu11;
				GCC_NO_COMMON_BLOCKS = YES;
				GCC_WARN_64_TO_32_BIT_CONVERSION = YES;
				GCC_WARN_ABOUT_RETURN_TYPE = YES_ERROR;
				GCC_WARN_UNDECLARED_SELECTOR = YES;
				GCC_WARN_UNINITIALIZED_AUTOS = YES_AGGRESSIVE;
				GCC_WARN_UNUSED_FUNCTION = YES;
				GCC_WARN_UNUSED_VARIABLE = YES;
				IPHONEOS_DEPLOYMENT_TARGET = 16.4;
				MTL_ENABLE_DEBUG_INFO = NO;
				MTL_FAST_MATH = YES;
				SDKROOT = iphoneos;
				SWIFT_COMPILATION_MODE = wholemodule;
				SWIFT_OPTIMIZATION_LEVEL = "-O";
				VALIDATE_PRODUCT = YES;
			};
			name = Release;
		};
		93E96A602AC8C6BB00CD7346 /* Debug */ = {
			isa = XCBuildConfiguration;
			buildSettings = {
				ASSETCATALOG_COMPILER_APPICON_NAME = AppIcon;
				ASSETCATALOG_COMPILER_GLOBAL_ACCENT_COLOR_NAME = AccentColor;
				CODE_SIGN_STYLE = Automatic;
				CURRENT_PROJECT_VERSION = 1;
				DEVELOPMENT_TEAM = XZHL7XD48E;
				GENERATE_INFOPLIST_FILE = YES;
				INFOPLIST_FILE = SuperHeroes/Info.plist;
				INFOPLIST_KEY_UIApplicationSupportsIndirectInputEvents = YES;
				INFOPLIST_KEY_UILaunchStoryboardName = LaunchScreen;
				INFOPLIST_KEY_UISupportedInterfaceOrientations_iPad = "UIInterfaceOrientationPortrait UIInterfaceOrientationPortraitUpsideDown UIInterfaceOrientationLandscapeLeft UIInterfaceOrientationLandscapeRight";
				INFOPLIST_KEY_UISupportedInterfaceOrientations_iPhone = "UIInterfaceOrientationPortrait UIInterfaceOrientationLandscapeLeft UIInterfaceOrientationLandscapeRight";
				LD_RUNPATH_SEARCH_PATHS = (
					"$(inherited)",
					"@executable_path/Frameworks",
				);
				MARKETING_VERSION = 1.0;
				PRODUCT_BUNDLE_IDENTIFIER = com.lhl.SuperHeroes;
				PRODUCT_NAME = "$(TARGET_NAME)";
				SWIFT_EMIT_LOC_STRINGS = YES;
				SWIFT_VERSION = 5.0;
				TARGETED_DEVICE_FAMILY = "1,2";
			};
			name = Debug;
		};
		93E96A612AC8C6BB00CD7346 /* Release */ = {
			isa = XCBuildConfiguration;
			buildSettings = {
				ASSETCATALOG_COMPILER_APPICON_NAME = AppIcon;
				ASSETCATALOG_COMPILER_GLOBAL_ACCENT_COLOR_NAME = AccentColor;
				CODE_SIGN_STYLE = Automatic;
				CURRENT_PROJECT_VERSION = 1;
				DEVELOPMENT_TEAM = XZHL7XD48E;
				GENERATE_INFOPLIST_FILE = YES;
				INFOPLIST_FILE = SuperHeroes/Info.plist;
				INFOPLIST_KEY_UIApplicationSupportsIndirectInputEvents = YES;
				INFOPLIST_KEY_UILaunchStoryboardName = LaunchScreen;
				INFOPLIST_KEY_UISupportedInterfaceOrientations_iPad = "UIInterfaceOrientationPortrait UIInterfaceOrientationPortraitUpsideDown UIInterfaceOrientationLandscapeLeft UIInterfaceOrientationLandscapeRight";
				INFOPLIST_KEY_UISupportedInterfaceOrientations_iPhone = "UIInterfaceOrientationPortrait UIInterfaceOrientationLandscapeLeft UIInterfaceOrientationLandscapeRight";
				LD_RUNPATH_SEARCH_PATHS = (
					"$(inherited)",
					"@executable_path/Frameworks",
				);
				MARKETING_VERSION = 1.0;
				PRODUCT_BUNDLE_IDENTIFIER = com.lhl.SuperHeroes;
				PRODUCT_NAME = "$(TARGET_NAME)";
				SWIFT_EMIT_LOC_STRINGS = YES;
				SWIFT_VERSION = 5.0;
				TARGETED_DEVICE_FAMILY = "1,2";
			};
			name = Release;
		};
		93E96ACD2ACA04EF00CD7346 /* Debug */ = {
			isa = XCBuildConfiguration;
			buildSettings = {
				BUNDLE_LOADER = "$(TEST_HOST)";
				CODE_SIGN_STYLE = Automatic;
				CURRENT_PROJECT_VERSION = 1;
				DEVELOPMENT_TEAM = XZHL7XD48E;
				GENERATE_INFOPLIST_FILE = YES;
				MARKETING_VERSION = 1.0;
				PRODUCT_BUNDLE_IDENTIFIER = com.lhl.SuperHeroesTests;
				PRODUCT_NAME = "$(TARGET_NAME)";
				SWIFT_EMIT_LOC_STRINGS = NO;
				SWIFT_VERSION = 5.0;
				TARGETED_DEVICE_FAMILY = "1,2";
				TEST_HOST = "$(BUILT_PRODUCTS_DIR)/SuperHeroes.app/$(BUNDLE_EXECUTABLE_FOLDER_PATH)/SuperHeroes";
			};
			name = Debug;
		};
		93E96ACE2ACA04EF00CD7346 /* Release */ = {
			isa = XCBuildConfiguration;
			buildSettings = {
				BUNDLE_LOADER = "$(TEST_HOST)";
				CODE_SIGN_STYLE = Automatic;
				CURRENT_PROJECT_VERSION = 1;
				DEVELOPMENT_TEAM = XZHL7XD48E;
				GENERATE_INFOPLIST_FILE = YES;
				MARKETING_VERSION = 1.0;
				PRODUCT_BUNDLE_IDENTIFIER = com.lhl.SuperHeroesTests;
				PRODUCT_NAME = "$(TARGET_NAME)";
				SWIFT_EMIT_LOC_STRINGS = NO;
				SWIFT_VERSION = 5.0;
				TARGETED_DEVICE_FAMILY = "1,2";
				TEST_HOST = "$(BUILT_PRODUCTS_DIR)/SuperHeroes.app/$(BUNDLE_EXECUTABLE_FOLDER_PATH)/SuperHeroes";
			};
			name = Release;
		};
/* End XCBuildConfiguration section */

/* Begin XCConfigurationList section */
		93E96A462AC8C6B800CD7346 /* Build configuration list for PBXProject "SuperHeroes" */ = {
			isa = XCConfigurationList;
			buildConfigurations = (
				93E96A5D2AC8C6BB00CD7346 /* Debug */,
				93E96A5E2AC8C6BB00CD7346 /* Release */,
			);
			defaultConfigurationIsVisible = 0;
			defaultConfigurationName = Release;
		};
		93E96A5F2AC8C6BB00CD7346 /* Build configuration list for PBXNativeTarget "SuperHeroes" */ = {
			isa = XCConfigurationList;
			buildConfigurations = (
				93E96A602AC8C6BB00CD7346 /* Debug */,
				93E96A612AC8C6BB00CD7346 /* Release */,
			);
			defaultConfigurationIsVisible = 0;
			defaultConfigurationName = Release;
		};
		93E96ACC2ACA04EF00CD7346 /* Build configuration list for PBXNativeTarget "SuperHeroesTests" */ = {
			isa = XCConfigurationList;
			buildConfigurations = (
				93E96ACD2ACA04EF00CD7346 /* Debug */,
				93E96ACE2ACA04EF00CD7346 /* Release */,
			);
			defaultConfigurationIsVisible = 0;
			defaultConfigurationName = Release;
		};
/* End XCConfigurationList section */
	};
	rootObject = 93E96A432AC8C6B800CD7346 /* Project object */;
}
